
Microsoft Visual Studio Solution File, Format Version 12.00
# Visual Studio Version 17
VisualStudioVersion = 17.13.35913.81 d17.13
MinimumVisualStudioVersion = 10.0.40219.1
Project("{FAE04EC0-301F-11D3-BF4B-00C04F79EFBC}") = "Produto.Api", "Produto\Produto.Api.csproj", "{7FF94E95-4144-4AF1-A4F5-B7CBD4A2D9D0}"
EndProject
Project("{FAE04EC0-301F-11D3-BF4B-00C04F79EFBC}") = "Produto.Borders", "Produto.Borders\Produto.Borders.csproj", "{111125C8-BD30-4594-884C-9EDD5440D25D}"
EndProject
Project("{FAE04EC0-301F-11D3-BF4B-00C04F79EFBC}") = "Produto.Repositories", "Produto.Repositories\Produto.Repositories.csproj", "{3AD2B7DD-FC66-4B33-A2FC-3E94A2CBE964}"
EndProject
Project("{FAE04EC0-301F-11D3-BF4B-00C04F79EFBC}") = "Produto.UseCases", "Produto.UseCases\Produto.UseCases.csproj", "{F08E9B45-E0D7-48DB-9340-4376ECA19561}"
EndProject
Project("{FAE04EC0-301F-11D3-BF4B-00C04F79EFBC}") = "Produto.Shared", "Produto.Shared\Produto.Shared.csproj", "{AD71F778-A79A-4E98-A835-FD012815F818}"
EndProject
Global
	GlobalSection(SolutionConfigurationPlatforms) = preSolution
		Debug|Any CPU = Debug|Any CPU
		Release|Any CPU = Release|Any CPU
	EndGlobalSection
	GlobalSection(ProjectConfigurationPlatforms) = postSolution
		{7FF94E95-4144-4AF1-A4F5-B7CBD4A2D9D0}.Debug|Any CPU.ActiveCfg = Debug|Any CPU
		{7FF94E95-4144-4AF1-A4F5-B7CBD4A2D9D0}.Debug|Any CPU.Build.0 = Debug|Any CPU
		{7FF94E95-4144-4AF1-A4F5-B7CBD4A2D9D0}.Release|Any CPU.ActiveCfg = Release|Any CPU
		{7FF94E95-4144-4AF1-A4F5-B7CBD4A2D9D0}.Release|Any CPU.Build.0 = Release|Any CPU
		{111125C8-BD30-4594-884C-9EDD5440D25D}.Debug|Any CPU.ActiveCfg = Debug|Any CPU
		{111125C8-BD30-4594-884C-9EDD5440D25D}.Debug|Any CPU.Build.0 = Debug|Any CPU
		{111125C8-BD30-4594-884C-9EDD5440D25D}.Release|Any CPU.ActiveCfg = Release|Any CPU
		{111125C8-BD30-4594-884C-9EDD5440D25D}.Release|Any CPU.Build.0 = Release|Any CPU
		{3AD2B7DD-FC66-4B33-A2FC-3E94A2CBE964}.Debug|Any CPU.ActiveCfg = Debug|Any CPU
		{3AD2B7DD-FC66-4B33-A2FC-3E94A2CBE964}.Debug|Any CPU.Build.0 = Debug|Any CPU
		{3AD2B7DD-FC66-4B33-A2FC-3E94A2CBE964}.Release|Any CPU.ActiveCfg = Release|Any CPU
		{3AD2B7DD-FC66-4B33-A2FC-3E94A2CBE964}.Release|Any CPU.Build.0 = Release|Any CPU
		{F08E9B45-E0D7-48DB-9340-4376ECA19561}.Debug|Any CPU.ActiveCfg = Debug|Any CPU
		{F08E9B45-E0D7-48DB-9340-4376ECA19561}.Debug|Any CPU.Build.0 = Debug|Any CPU
		{F08E9B45-E0D7-48DB-9340-4376ECA19561}.Release|Any CPU.ActiveCfg = Release|Any CPU
		{F08E9B45-E0D7-48DB-9340-4376ECA19561}.Release|Any CPU.Build.0 = Release|Any CPU
		{AD71F778-A79A-4E98-A835-FD012815F818}.Debug|Any CPU.ActiveCfg = Debug|Any CPU
		{AD71F778-A79A-4E98-A835-FD012815F818}.Debug|Any CPU.Build.0 = Debug|Any CPU
		{AD71F778-A79A-4E98-A835-FD012815F818}.Release|Any CPU.ActiveCfg = Release|Any CPU
		{AD71F778-A79A-4E98-A835-FD012815F818}.Release|Any CPU.Build.0 = Release|Any CPU
	EndGlobalSection
	GlobalSection(SolutionProperties) = preSolution
		HideSolutionNode = FALSE
	EndGlobalSection
	GlobalSection(ExtensibilityGlobals) = postSolution
		SolutionGuid = {FDA8738D-FC35-456F-AB36-04BAFB5976A4}
	EndGlobalSection
EndGlobal
